{
  "name": "hug-angular-lib",
  "version": "0.0.1",
  "lockfileVersion": 1,
  "requires": true,
  "dependencies": {
    "ngx-logger": {
      "version": "4.1.9",
      "resolved": "https://registry.npmjs.org/ngx-logger/-/ngx-logger-4.1.9.tgz",
      "integrity": "sha512-hEJDtWWi+1OSCM7Syz4J8GyFhkf+f0HBbvnMniAMRp9x9gRdtj+Q0cesXdxVV4JJmIhxJQM88NNVRR0cOtPeHQ==",
      "dev": true,
      "requires": {
        "tslib": "^1.9.0",
        "vlq": "^1.0.0"
      }
    },
    "tslib": {
      "version": "1.14.1",
      "resolved": "https://registry.npmjs.org/tslib/-/tslib-1.14.1.tgz",
      "integrity": "sha512-Xni35NKzjgMrwevysHTCArtLDpPvye8zV/0E4EyYn43P7/7qvQwPh9BGkHewbMulVntbigmcT7rdX3BNo9wRJg==",
      "dev": true
    },
    "vlq": {
      "version": "1.0.1",
      "resolved": "https://registry.npmjs.org/vlq/-/vlq-1.0.1.tgz",
      "integrity": "sha512-gQpnTgkubC6hQgdIcRdYGDSDc+SaujOdyesZQMv6JlfQee/9Mp0Qhnys6WxDWvQnL5WZdT7o2Ul187aSt0Rq+w==",
      "dev": true
    }
  }
}
